
Microsoft Visual Studio Solution File, Format Version 12.00
# Visual Studio Version 16
VisualStudioVersion = 16.0.29519.87
MinimumVisualStudioVersion = 10.0.40219.1
Project("{9A19103F-16F7-4668-BE54-9A1E7A4F7556}") = "FlyCreatorInEntity", "FlyCreatorInEntity\FlyCreatorInEntity.csproj", "{B089B217-3C2B-4938-B78B-B16AA4A9BE2C}"
EndProject
Project("{9A19103F-16F7-4668-BE54-9A1E7A4F7556}") = "BlackHole.IDP", "BlackHole.IDP\BlackHole.IDP.csproj", "{B235AC6B-DC01-4B48-BB32-5F9E8414431D}"
EndProject
Project("{9A19103F-16F7-4668-BE54-9A1E7A4F7556}") = "JavaScriptClient", "JavaScriptClient\JavaScriptClient.csproj", "{63390F59-EC08-43C2-BAB9-184E2022154A}"
EndProject
Global
	GlobalSection(SolutionConfigurationPlatforms) = preSolution
		Debug|Any CPU = Debug|Any CPU
		Release|Any CPU = Release|Any CPU
	EndGlobalSection
	GlobalSection(ProjectConfigurationPlatforms) = postSolution
		{B089B217-3C2B-4938-B78B-B16AA4A9BE2C}.Debug|Any CPU.ActiveCfg = Debug|Any CPU
		{B089B217-3C2B-4938-B78B-B16AA4A9BE2C}.Debug|Any CPU.Build.0 = Debug|Any CPU
		{B089B217-3C2B-4938-B78B-B16AA4A9BE2C}.Release|Any CPU.ActiveCfg = Release|Any CPU
		{B089B217-3C2B-4938-B78B-B16AA4A9BE2C}.Release|Any CPU.Build.0 = Release|Any CPU
		{B235AC6B-DC01-4B48-BB32-5F9E8414431D}.Debug|Any CPU.ActiveCfg = Debug|Any CPU
		{B235AC6B-DC01-4B48-BB32-5F9E8414431D}.Debug|Any CPU.Build.0 = Debug|Any CPU
		{B235AC6B-DC01-4B48-BB32-5F9E8414431D}.Release|Any CPU.ActiveCfg = Release|Any CPU
		{B235AC6B-DC01-4B48-BB32-5F9E8414431D}.Release|Any CPU.Build.0 = Release|Any CPU
		{63390F59-EC08-43C2-BAB9-184E2022154A}.Debug|Any CPU.ActiveCfg = Debug|Any CPU
		{63390F59-EC08-43C2-BAB9-184E2022154A}.Debug|Any CPU.Build.0 = Debug|Any CPU
		{63390F59-EC08-43C2-BAB9-184E2022154A}.Release|Any CPU.ActiveCfg = Release|Any CPU
		{63390F59-EC08-43C2-BAB9-184E2022154A}.Release|Any CPU.Build.0 = Release|Any CPU
	EndGlobalSection
	GlobalSection(SolutionProperties) = preSolution
		HideSolutionNode = FALSE
	EndGlobalSection
	GlobalSection(ExtensibilityGlobals) = postSolution
		SolutionGuid = {8A14F486-7198-4D0D-A1D9-C92402E93D4C}
	EndGlobalSection
EndGlobal
